
Microsoft Visual Studio Solution File, Format Version 12.00
# Visual Studio Version 17
VisualStudioVersion = 17.8.34322.80
MinimumVisualStudioVersion = 10.0.40219.1
Project("{FAE04EC0-301F-11D3-BF4B-00C04F79EFBC}") = "EjemploNETConf", "EjemploNETConf\EjemploNETConf.csproj", "{D5033DEA-2103-4303-9ADE-DF6082A24735}"
EndProject
Project("{FAE04EC0-301F-11D3-BF4B-00C04F79EFBC}") = "DB", "DB\DB.csproj", "{3B239EC7-8EDC-4431-AAB5-C78C0D49CBC2}"
EndProject
Project("{FAE04EC0-301F-11D3-BF4B-00C04F79EFBC}") = "Repository", "Repository\Repository.csproj", "{4A22B6D5-A39B-4418-B6AC-B5217C152D6F}"
EndProject
Project("{FAE04EC0-301F-11D3-BF4B-00C04F79EFBC}") = "Service", "Service\Service.csproj", "{856579A6-7744-4875-A009-A96D102AC413}"
EndProject
Global
	GlobalSection(SolutionConfigurationPlatforms) = preSolution
		Debug|Any CPU = Debug|Any CPU
		Release|Any CPU = Release|Any CPU
	EndGlobalSection
	GlobalSection(ProjectConfigurationPlatforms) = postSolution
		{D5033DEA-2103-4303-9ADE-DF6082A24735}.Debug|Any CPU.ActiveCfg = Debug|Any CPU
		{D5033DEA-2103-4303-9ADE-DF6082A24735}.Debug|Any CPU.Build.0 = Debug|Any CPU
		{D5033DEA-2103-4303-9ADE-DF6082A24735}.Release|Any CPU.ActiveCfg = Release|Any CPU
		{D5033DEA-2103-4303-9ADE-DF6082A24735}.Release|Any CPU.Build.0 = Release|Any CPU
		{3B239EC7-8EDC-4431-AAB5-C78C0D49CBC2}.Debug|Any CPU.ActiveCfg = Debug|Any CPU
		{3B239EC7-8EDC-4431-AAB5-C78C0D49CBC2}.Debug|Any CPU.Build.0 = Debug|Any CPU
		{3B239EC7-8EDC-4431-AAB5-C78C0D49CBC2}.Release|Any CPU.ActiveCfg = Release|Any CPU
		{3B239EC7-8EDC-4431-AAB5-C78C0D49CBC2}.Release|Any CPU.Build.0 = Release|Any CPU
		{4A22B6D5-A39B-4418-B6AC-B5217C152D6F}.Debug|Any CPU.ActiveCfg = Debug|Any CPU
		{4A22B6D5-A39B-4418-B6AC-B5217C152D6F}.Debug|Any CPU.Build.0 = Debug|Any CPU
		{4A22B6D5-A39B-4418-B6AC-B5217C152D6F}.Release|Any CPU.ActiveCfg = Release|Any CPU
		{4A22B6D5-A39B-4418-B6AC-B5217C152D6F}.Release|Any CPU.Build.0 = Release|Any CPU
		{856579A6-7744-4875-A009-A96D102AC413}.Debug|Any CPU.ActiveCfg = Debug|Any CPU
		{856579A6-7744-4875-A009-A96D102AC413}.Debug|Any CPU.Build.0 = Debug|Any CPU
		{856579A6-7744-4875-A009-A96D102AC413}.Release|Any CPU.ActiveCfg = Release|Any CPU
		{856579A6-7744-4875-A009-A96D102AC413}.Release|Any CPU.Build.0 = Release|Any CPU
	EndGlobalSection
	GlobalSection(SolutionProperties) = preSolution
		HideSolutionNode = FALSE
	EndGlobalSection
	GlobalSection(ExtensibilityGlobals) = postSolution
		SolutionGuid = {E452A961-5A9E-4AAE-9306-138B33ADB08C}
	EndGlobalSection
EndGlobal
